
Microsoft Visual Studio Solution File, Format Version 12.00
# Visual Studio Version 17
VisualStudioVersion = 17.14.36408.4 d17.14
MinimumVisualStudioVersion = 10.0.40219.1
Project("{FAE04EC0-301F-11D3-BF4B-00C04F79EFBC}") = "MediaCatalog.API", "MediaCatalog.API\MediaCatalog.API.csproj", "{5F922835-601E-4538-A227-665D9F8249F6}"
EndProject
Global
	GlobalSection(SolutionConfigurationPlatforms) = preSolution
		Debug|Any CPU = Debug|Any CPU
		Release|Any CPU = Release|Any CPU
	EndGlobalSection
	GlobalSection(ProjectConfigurationPlatforms) = postSolution
		{5F922835-601E-4538-A227-665D9F8249F6}.Debug|Any CPU.ActiveCfg = Debug|Any CPU
		{5F922835-601E-4538-A227-665D9F8249F6}.Debug|Any CPU.Build.0 = Debug|Any CPU
		{5F922835-601E-4538-A227-665D9F8249F6}.Release|Any CPU.ActiveCfg = Release|Any CPU
		{5F922835-601E-4538-A227-665D9F8249F6}.Release|Any CPU.Build.0 = Release|Any CPU
	EndGlobalSection
	GlobalSection(SolutionProperties) = preSolution
		HideSolutionNode = FALSE
	EndGlobalSection
	GlobalSection(ExtensibilityGlobals) = postSolution
		SolutionGuid = {1824D83B-C51D-40DE-9CAF-0CDB9A602691}
	EndGlobalSection
EndGlobal
